
Microsoft Visual Studio Solution File, Format Version 12.00
# Visual Studio Version 17
VisualStudioVersion = 17.11.35327.3
MinimumVisualStudioVersion = 10.0.40219.1
Project("{FAE04EC0-301F-11D3-BF4B-00C04F79EFBC}") = "Final_project_2", "Final_project_2\Final_project_2.csproj", "{6B539D44-3E0A-4A5C-BA42-000B163CEE62}"
EndProject
Project("{FAE04EC0-301F-11D3-BF4B-00C04F79EFBC}") = "myproject", "..\New folder (4)\myproject\myproject\myproject.csproj", "{ABEAA4E0-CB0F-4CF3-828A-9D20D6C48A72}"
EndProject
Global
	GlobalSection(SolutionConfigurationPlatforms) = preSolution
		Debug|Any CPU = Debug|Any CPU
		Release|Any CPU = Release|Any CPU
	EndGlobalSection
	GlobalSection(ProjectConfigurationPlatforms) = postSolution
		{6B539D44-3E0A-4A5C-BA42-000B163CEE62}.Debug|Any CPU.ActiveCfg = Debug|Any CPU
		{6B539D44-3E0A-4A5C-BA42-000B163CEE62}.Debug|Any CPU.Build.0 = Debug|Any CPU
		{6B539D44-3E0A-4A5C-BA42-000B163CEE62}.Release|Any CPU.ActiveCfg = Release|Any CPU
		{6B539D44-3E0A-4A5C-BA42-000B163CEE62}.Release|Any CPU.Build.0 = Release|Any CPU
		{ABEAA4E0-CB0F-4CF3-828A-9D20D6C48A72}.Debug|Any CPU.ActiveCfg = Debug|Any CPU
		{ABEAA4E0-CB0F-4CF3-828A-9D20D6C48A72}.Debug|Any CPU.Build.0 = Debug|Any CPU
		{ABEAA4E0-CB0F-4CF3-828A-9D20D6C48A72}.Release|Any CPU.ActiveCfg = Release|Any CPU
		{ABEAA4E0-CB0F-4CF3-828A-9D20D6C48A72}.Release|Any CPU.Build.0 = Release|Any CPU
	EndGlobalSection
	GlobalSection(SolutionProperties) = preSolution
		HideSolutionNode = FALSE
	EndGlobalSection
	GlobalSection(ExtensibilityGlobals) = postSolution
		SolutionGuid = {763C9869-9E96-485A-9EC3-B3C346A31E6C}
	EndGlobalSection
EndGlobal
